
Microsoft Visual Studio Solution File, Format Version 12.00
# Visual Studio Version 16
VisualStudioVersion = 16.0.31515.178
MinimumVisualStudioVersion = 10.0.40219.1
Project("{FAE04EC0-301F-11D3-BF4B-00C04F79EFBC}") = "ProductReviewManagement", "ProductReviewManagement\ProductReviewManagement.csproj", "{F3B40C1A-EB86-4F17-953B-17A63FEF7625}"
EndProject
Global
	GlobalSection(SolutionConfigurationPlatforms) = preSolution
		Debug|Any CPU = Debug|Any CPU
		Release|Any CPU = Release|Any CPU
	EndGlobalSection
	GlobalSection(ProjectConfigurationPlatforms) = postSolution
		{F3B40C1A-EB86-4F17-953B-17A63FEF7625}.Debug|Any CPU.ActiveCfg = Debug|Any CPU
		{F3B40C1A-EB86-4F17-953B-17A63FEF7625}.Debug|Any CPU.Build.0 = Debug|Any CPU
		{F3B40C1A-EB86-4F17-953B-17A63FEF7625}.Release|Any CPU.ActiveCfg = Release|Any CPU
		{F3B40C1A-EB86-4F17-953B-17A63FEF7625}.Release|Any CPU.Build.0 = Release|Any CPU
	EndGlobalSection
	GlobalSection(SolutionProperties) = preSolution
		HideSolutionNode = FALSE
	EndGlobalSection
	GlobalSection(ExtensibilityGlobals) = postSolution
		SolutionGuid = {CD54BEA7-945B-4A1F-B42C-6116B4D65EFD}
	EndGlobalSection
EndGlobal
